
Microsoft Visual Studio Solution File, Format Version 12.00
# Visual Studio Version 17
VisualStudioVersion = 17.5.33530.505
MinimumVisualStudioVersion = 10.0.40219.1
Project("{FAE04EC0-301F-11D3-BF4B-00C04F79EFBC}") = "CustomControll", "CustomControll\CustomControll.csproj", "{6B501428-6761-4A28-AAE9-8D22B9C00C73}"
EndProject
Project("{FAE04EC0-301F-11D3-BF4B-00C04F79EFBC}") = "WebApplication1", "WebApplication1\WebApplication1.csproj", "{6040F907-0BC5-4906-A0BB-61D67081719D}"
EndProject
Global
	GlobalSection(SolutionConfigurationPlatforms) = preSolution
		Debug|Any CPU = Debug|Any CPU
		Release|Any CPU = Release|Any CPU
	EndGlobalSection
	GlobalSection(ProjectConfigurationPlatforms) = postSolution
		{6B501428-6761-4A28-AAE9-8D22B9C00C73}.Debug|Any CPU.ActiveCfg = Debug|Any CPU
		{6B501428-6761-4A28-AAE9-8D22B9C00C73}.Debug|Any CPU.Build.0 = Debug|Any CPU
		{6B501428-6761-4A28-AAE9-8D22B9C00C73}.Release|Any CPU.ActiveCfg = Release|Any CPU
		{6B501428-6761-4A28-AAE9-8D22B9C00C73}.Release|Any CPU.Build.0 = Release|Any CPU
		{6040F907-0BC5-4906-A0BB-61D67081719D}.Debug|Any CPU.ActiveCfg = Debug|Any CPU
		{6040F907-0BC5-4906-A0BB-61D67081719D}.Debug|Any CPU.Build.0 = Debug|Any CPU
		{6040F907-0BC5-4906-A0BB-61D67081719D}.Release|Any CPU.ActiveCfg = Release|Any CPU
		{6040F907-0BC5-4906-A0BB-61D67081719D}.Release|Any CPU.Build.0 = Release|Any CPU
	EndGlobalSection
	GlobalSection(SolutionProperties) = preSolution
		HideSolutionNode = FALSE
	EndGlobalSection
	GlobalSection(ExtensibilityGlobals) = postSolution
		SolutionGuid = {0CA4A4B7-6E82-45E4-A7C8-66E629AD65AF}
	EndGlobalSection
EndGlobal
